{
  "name": "@barlevalon/skills",
  "version": "0.2.0",
  "lockfileVersion": 3,
  "requires": true,
  "packages": {
    "": {
      "name": "@barlevalon/skills",
      "version": "0.2.0",
      "license": "MIT",
      "workspaces": [
        "skills/*/*"
      ]
    },
    "node_modules/@barlevalon/caveman-commit-skill": {
      "resolved": "skills/communication/caveman-commit",
      "link": true
    },
    "node_modules/@barlevalon/grill-with-docs-skill": {
      "resolved": "skills/engineering/grill-with-docs",
      "link": true
    },
    "node_modules/@barlevalon/release-prep-skill": {
      "resolved": "skills/release/release-prep",
      "link": true
    },
    "node_modules/@barlevalon/tdd-skill": {
      "resolved": "skills/engineering/tdd",
      "link": true
    },
    "skills/communication/caveman-commit": {
      "name": "@barlevalon/caveman-commit-skill",
      "version": "0.2.0",
      "license": "MIT"
    },
    "skills/engineering/grill-with-docs": {
      "name": "@barlevalon/grill-with-docs-skill",
      "version": "0.2.0",
      "license": "MIT"
    },
    "skills/engineering/tdd": {
      "name": "@barlevalon/tdd-skill",
      "version": "0.2.0",
      "license": "MIT"
    },
    "skills/release/release-prep": {
      "name": "@barlevalon/release-prep-skill",
      "version": "0.2.0",
      "license": "MIT"
    }
  }
}
