{
  "name": "@barlevalon/skills",
  "version": "0.2.0",
  "lockfileVersion": 3,
  "requires": true,
  "packages": {
    "": {
      "name": "@barlevalon/skills",
      "version": "0.2.0",
      "license": "MIT",
      "workspaces": [
        "skills/*/*"
      ]
    },
    "node_modules/@barlevalon/caveman-commit-skill": {
      "resolved": "skills/communication/caveman-commit",
      "link": true
    },
    "node_modules/@barlevalon/caveman-help-skill": {
      "resolved": "skills/communication/caveman-help",
      "link": true
    },
    "node_modules/@barlevalon/caveman-skill": {
      "resolved": "skills/communication/caveman",
      "link": true
    },
    "node_modules/@barlevalon/diagnose-skill": {
      "resolved": "skills/engineering/diagnose",
      "link": true
    },
    "node_modules/@barlevalon/documentation-system-skill": {
      "resolved": "skills/documentation/documentation-system",
      "link": true
    },
    "node_modules/@barlevalon/find-skills-skill": {
      "resolved": "skills/discovery/find-skills",
      "link": true
    },
    "node_modules/@barlevalon/grill-with-docs-skill": {
      "resolved": "skills/engineering/grill-with-docs",
      "link": true
    },
    "node_modules/@barlevalon/handoff-skill": {
      "resolved": "skills/handoff/handoff",
      "link": true
    },
    "node_modules/@barlevalon/improve-codebase-architecture-skill": {
      "resolved": "skills/engineering/improve-codebase-architecture",
      "link": true
    },
    "node_modules/@barlevalon/plannotator-compound-skill": {
      "resolved": "skills/review/plannotator-compound",
      "link": true
    },
    "node_modules/@barlevalon/plannotator-setup-goal-skill": {
      "resolved": "skills/review/plannotator-setup-goal",
      "link": true
    },
    "node_modules/@barlevalon/plannotator-visual-explainer-skill": {
      "resolved": "skills/review/plannotator-visual-explainer",
      "link": true
    },
    "node_modules/@barlevalon/prd-to-plan-skill": {
      "resolved": "skills/engineering/prd-to-plan",
      "link": true
    },
    "node_modules/@barlevalon/prototype-skill": {
      "resolved": "skills/engineering/prototype",
      "link": true
    },
    "node_modules/@barlevalon/release-prep-skill": {
      "resolved": "skills/release/release-prep",
      "link": true
    },
    "node_modules/@barlevalon/tdd-skill": {
      "resolved": "skills/engineering/tdd",
      "link": true
    },
    "node_modules/@barlevalon/thermo-nuclear-code-quality-review-skill": {
      "resolved": "skills/evaluation/thermo-nuclear-code-quality-review",
      "link": true
    },
    "node_modules/@barlevalon/worktrunk-skill": {
      "resolved": "skills/engineering/worktrunk",
      "link": true
    },
    "node_modules/@barlevalon/write-a-prd-skill": {
      "resolved": "skills/engineering/write-a-prd",
      "link": true
    },
    "node_modules/@barlevalon/zoom-out-skill": {
      "resolved": "skills/engineering/zoom-out",
      "link": true
    },
    "skills/communication/caveman": {
      "name": "@barlevalon/caveman-skill",
      "version": "0.1.0",
      "license": "MIT"
    },
    "skills/communication/caveman-commit": {
      "name": "@barlevalon/caveman-commit-skill",
      "version": "0.2.0",
      "license": "MIT"
    },
    "skills/communication/caveman-help": {
      "name": "@barlevalon/caveman-help-skill",
      "version": "0.1.0",
      "license": "MIT"
    },
    "skills/discovery/find-skills": {
      "name": "@barlevalon/find-skills-skill",
      "version": "0.1.0",
      "license": "MIT"
    },
    "skills/documentation/documentation-system": {
      "name": "@barlevalon/documentation-system-skill",
      "version": "0.1.0",
      "license": "MIT"
    },
    "skills/engineering/diagnose": {
      "name": "@barlevalon/diagnose-skill",
      "version": "0.1.0",
      "license": "MIT"
    },
    "skills/engineering/grill-with-docs": {
      "name": "@barlevalon/grill-with-docs-skill",
      "version": "0.2.0",
      "license": "MIT"
    },
    "skills/engineering/improve-codebase-architecture": {
      "name": "@barlevalon/improve-codebase-architecture-skill",
      "version": "0.1.0",
      "license": "MIT"
    },
    "skills/engineering/prd-to-plan": {
      "name": "@barlevalon/prd-to-plan-skill",
      "version": "0.1.0",
      "license": "MIT"
    },
    "skills/engineering/prototype": {
      "name": "@barlevalon/prototype-skill",
      "version": "0.1.0",
      "license": "MIT"
    },
    "skills/engineering/tdd": {
      "name": "@barlevalon/tdd-skill",
      "version": "0.2.0",
      "license": "MIT"
    },
    "skills/engineering/worktrunk": {
      "name": "@barlevalon/worktrunk-skill",
      "version": "0.1.0",
      "license": "MIT"
    },
    "skills/engineering/write-a-prd": {
      "name": "@barlevalon/write-a-prd-skill",
      "version": "0.1.0",
      "license": "MIT"
    },
    "skills/engineering/zoom-out": {
      "name": "@barlevalon/zoom-out-skill",
      "version": "0.1.0",
      "license": "MIT"
    },
    "skills/evaluation/thermo-nuclear-code-quality-review": {
      "name": "@barlevalon/thermo-nuclear-code-quality-review-skill",
      "version": "0.1.0",
      "license": "MIT"
    },
    "skills/handoff/handoff": {
      "name": "@barlevalon/handoff-skill",
      "version": "0.1.0",
      "license": "MIT"
    },
    "skills/release/release-prep": {
      "name": "@barlevalon/release-prep-skill",
      "version": "0.2.0",
      "license": "MIT"
    },
    "skills/review/plannotator-compound": {
      "name": "@barlevalon/plannotator-compound-skill",
      "version": "0.1.0",
      "license": "MIT"
    },
    "skills/review/plannotator-setup-goal": {
      "name": "@barlevalon/plannotator-setup-goal-skill",
      "version": "0.1.0",
      "license": "MIT"
    },
    "skills/review/plannotator-visual-explainer": {
      "name": "@barlevalon/plannotator-visual-explainer-skill",
      "version": "0.1.0",
      "license": "MIT"
    }
  }
}
