{
  "name": "@barlevalon/skills",
  "version": "0.1.2",
  "lockfileVersion": 3,
  "requires": true,
  "packages": {
    "": {
      "name": "@barlevalon/skills",
      "version": "0.1.2",
      "license": "MIT",
      "workspaces": [
        "skills/*/*"
      ]
    },
    "node_modules/@barlevalon/release-prep-skill": {
      "resolved": "skills/release/release-prep",
      "link": true
    },
    "skills/release/release-prep": {
      "name": "@barlevalon/release-prep-skill",
      "version": "0.1.2",
      "license": "MIT"
    }
  }
}
